{
  "requires": true,
  "lockfileVersion": 1,
  "dependencies": {
    "utility-types": {
      "version": "3.8.0",
      "resolved": "https://registry.npmjs.org/utility-types/-/utility-types-3.8.0.tgz",
      "integrity": "sha512-UoKivAmVw5TL6AHuILieOJjIK9ajS0l5gyN5LbJglPuVwzfYBniDhe+3A5+ZBtS0TAHQs5qUxTwj9jXurINrcw=="
    }
  }
}
